// !$*UTF8*$!
{
	archiveVersion = 1;
	classes = {
	};
	objectVersion = 77;
	objects = {

/* Begin PBXBuildFile section */
		495E0A642ECE5B8400D08640 /* Alamofire in Frameworks */ = {isa = PBXBuildFile; productRef = 495E0A632ECE5B8400D08640 /* Alamofire */; };
		AFF20D892EB365B100383B2B /* WidgetKit.framework in Frameworks */ = {isa = PBXBuildFile; fileRef = AFF20D882EB365B100383B2B /* WidgetKit.framework */; };
		AFF20D8B2EB365B100383B2B /* SwiftUI.framework in Frameworks */ = {isa = PBXBuildFile; fileRef = AFF20D8A2EB365B100383B2B /* SwiftUI.framework */; };
		AFF20D9A2EB365B200383B2B /* ScheduleBSUIRWidgetExtension.appex in Embed Foundation Extensions */ = {isa = PBXBuildFile; fileRef = AFF20D862EB365B100383B2B /* ScheduleBSUIRWidgetExtension.appex */; settings = {ATTRIBUTES = (RemoveHeadersOnCopy, ); }; };
/* End PBXBuildFile section */

/* Begin PBXContainerItemProxy section */
		49C3C9E52ED5BAC6009582D8 /* PBXContainerItemProxy */ = {
			isa = PBXContainerItemProxy;
			containerPortal = AFA212EA2EAE29F20010C9F6 /* Project object */;
			proxyType = 1;
			remoteGlobalIDString = 49C3C9DE2ED5BAC6009582D8;
			remoteInfo = ScheduleCore;
		};
		AFA213002EAE29F30010C9F6 /* PBXContainerItemProxy */ = {
			isa = PBXContainerItemProxy;
			containerPortal = AFA212EA2EAE29F20010C9F6 /* Project object */;
			proxyType = 1;
			remoteGlobalIDString = AFA212F12EAE29F20010C9F6;
			remoteInfo = ScheduleBSUIR;
		};
		AFA2130A2EAE29F30010C9F6 /* PBXContainerItemProxy */ = {
			isa = PBXContainerItemProxy;
			containerPortal = AFA212EA2EAE29F20010C9F6 /* Project object */;
			proxyType = 1;
			remoteGlobalIDString = AFA212F12EAE29F20010C9F6;
			remoteInfo = ScheduleBSUIR;
		};
		AFF20D982EB365B200383B2B /* PBXContainerItemProxy */ = {
			isa = PBXContainerItemProxy;
			containerPortal = AFA212EA2EAE29F20010C9F6 /* Project object */;
			proxyType = 1;
			remoteGlobalIDString = AFF20D852EB365B100383B2B;
			remoteInfo = ScheduleBSUIRWidgetExtension;
		};
/* End PBXContainerItemProxy section */

/* Begin PBXCopyFilesBuildPhase section */
		AFE9C1D12EC8ACF200387CEE /* Embed Frameworks */ = {
			isa = PBXCopyFilesBuildPhase;
			buildActionMask = 2147483647;
			dstPath = "";
			dstSubfolderSpec = 10;
			files = (
			);
			name = "Embed Frameworks";
			runOnlyForDeploymentPostprocessing = 0;
		};
		AFF20DA02EB365B200383B2B /* Embed Foundation Extensions */ = {
			isa = PBXCopyFilesBuildPhase;
			buildActionMask = 2147483647;
			dstPath = "";
			dstSubfolderSpec = 13;
			files = (
				AFF20D9A2EB365B200383B2B /* ScheduleBSUIRWidgetExtension.appex in Embed Foundation Extensions */,
			);
			name = "Embed Foundation Extensions";
			runOnlyForDeploymentPostprocessing = 0;
		};
/* End PBXCopyFilesBuildPhase section */

/* Begin PBXFileReference section */
		498676EB2ED8560500892C4B /* ScheduleCore.framework */ = {isa = PBXFileReference; explicitFileType = wrapper.framework; includeInIndex = 0; path = ScheduleCore.framework; sourceTree = BUILT_PRODUCTS_DIR; };
		49F20D672EE0C9A1005F184A /* ScheduleBSUIR.app */ = {isa = PBXFileReference; explicitFileType = wrapper.application; includeInIndex = 0; path = ScheduleBSUIR.app; sourceTree = BUILT_PRODUCTS_DIR; };
		49F20D682EE0C9A1005F184A /* ScheduleBSUIRTests.xctest */ = {isa = PBXFileReference; explicitFileType = wrapper.cfbundle; includeInIndex = 0; name = ScheduleBSUIRTests.xctest; path = "/Library/Моя прога/SwiftUI/ScheduleBSUIR/build/Debug-iphoneos/ScheduleBSUIR.app/PlugIns/ScheduleBSUIRTests.xctest"; sourceTree = "<absolute>"; };
		49F20D692EE0C9A1005F184A /* ScheduleBSUIRUITests.xctest */ = {isa = PBXFileReference; explicitFileType = wrapper.cfbundle; includeInIndex = 0; name = ScheduleBSUIRUITests.xctest; path = "/Library/Моя прога/SwiftUI/ScheduleBSUIR/build/Debug-iphoneos/ScheduleBSUIRUITests-Runner.app/PlugIns/ScheduleBSUIRUITests.xctest"; sourceTree = "<absolute>"; };
		AF5B118F2EB4DD7800EBC825 /* ScheduleBSUIRWidgetExtension.entitlements */ = {isa = PBXFileReference; lastKnownFileType = text.plist.entitlements; path = ScheduleBSUIRWidgetExtension.entitlements; sourceTree = "<group>"; };
		AFF20D862EB365B100383B2B /* ScheduleBSUIRWidgetExtension.appex */ = {isa = PBXFileReference; explicitFileType = "wrapper.app-extension"; includeInIndex = 0; path = ScheduleBSUIRWidgetExtension.appex; sourceTree = BUILT_PRODUCTS_DIR; };
		AFF20D882EB365B100383B2B /* WidgetKit.framework */ = {isa = PBXFileReference; lastKnownFileType = wrapper.framework; name = WidgetKit.framework; path = System/Library/Frameworks/WidgetKit.framework; sourceTree = SDKROOT; };
		AFF20D8A2EB365B100383B2B /* SwiftUI.framework */ = {isa = PBXFileReference; lastKnownFileType = wrapper.framework; name = SwiftUI.framework; path = System/Library/Frameworks/SwiftUI.framework; sourceTree = SDKROOT; };
/* End PBXFileReference section */

/* Begin PBXFileSystemSynchronizedBuildFileExceptionSet section */
		490009122ED48D56002CDB1B /* Exceptions for "ScheduleBSUIR" folder in "ScheduleBSUIRWidgetExtension" target */ = {
			isa = PBXFileSystemSynchronizedBuildFileExceptionSet;
			membershipExceptions = (
				Models/ModelForEachGroup.swift,
			);
			target = AFF20D852EB365B100383B2B /* ScheduleBSUIRWidgetExtension */;
		};
		AF5B11802EB4B1F700EBC825 /* Exceptions for "ScheduleBSUIRWidget" folder in "ScheduleBSUIR" target */ = {
			isa = PBXFileSystemSynchronizedBuildFileExceptionSet;
			membershipExceptions = (
				Assets.xcassets,
				FuncsServiceForWidget.swift,
				Info.plist,
				ScheduleBSUIRWidget.swift,
				ScheduleBSUIRWidgetBundle.swift,
				ScheduleBSUIRWidgetControl.swift,
				ScheduleBSUIRWidgetLiveActivity.swift,
			);
			target = AFA212F12EAE29F20010C9F6 /* ScheduleBSUIR */;
		};
		AF5B11812EB4B1F700EBC825 /* Exceptions for "ScheduleBSUIRWidget" folder in "ScheduleBSUIRWidgetExtension" target */ = {
			isa = PBXFileSystemSynchronizedBuildFileExceptionSet;
			membershipExceptions = (
				Assets.xcassets,
				FuncsServiceForWidget.swift,
				ScheduleBSUIRWidget.swift,
				ScheduleBSUIRWidgetBundle.swift,
				ScheduleBSUIRWidgetControl.swift,
				ScheduleBSUIRWidgetLiveActivity.swift,
			);
			target = AFF20D852EB365B100383B2B /* ScheduleBSUIRWidgetExtension */;
		};
		AFCF08EC2ECB6BD7000A8781 /* Exceptions for "ScheduleBSUIR" folder in "ScheduleBSUIR" target */ = {
			isa = PBXFileSystemSynchronizedBuildFileExceptionSet;
			membershipExceptions = (
				Info.plist,
			);
			target = AFA212F12EAE29F20010C9F6 /* ScheduleBSUIR */;
		};
/* End PBXFileSystemSynchronizedBuildFileExceptionSet section */

/* Begin PBXFileSystemSynchronizedRootGroup section */
		AF5B11592EB4B1E900EBC825 /* ScheduleBSUIR */ = {
			isa = PBXFileSystemSynchronizedRootGroup;
			exceptions = (
				AFCF08EC2ECB6BD7000A8781 /* Exceptions for "ScheduleBSUIR" folder in "ScheduleBSUIR" target */,
				490009122ED48D56002CDB1B /* Exceptions for "ScheduleBSUIR" folder in "ScheduleBSUIRWidgetExtension" target */,
			);
			path = ScheduleBSUIR;
			sourceTree = "<group>";
		};
		AF5B117A2EB4B1F700EBC825 /* ScheduleBSUIRWidget */ = {
			isa = PBXFileSystemSynchronizedRootGroup;
			exceptions = (
				AF5B11802EB4B1F700EBC825 /* Exceptions for "ScheduleBSUIRWidget" folder in "ScheduleBSUIR" target */,
				AF5B11812EB4B1F700EBC825 /* Exceptions for "ScheduleBSUIRWidget" folder in "ScheduleBSUIRWidgetExtension" target */,
			);
			path = ScheduleBSUIRWidget;
			sourceTree = "<group>";
		};
/* End PBXFileSystemSynchronizedRootGroup section */

/* Begin PBXFrameworksBuildPhase section */
		49C3C9DC2ED5BAC6009582D8 /* Frameworks */ = {
			isa = PBXFrameworksBuildPhase;
			buildActionMask = 2147483647;
			files = (
			);
			runOnlyForDeploymentPostprocessing = 0;
		};
		AFA212EF2EAE29F20010C9F6 /* Frameworks */ = {
			isa = PBXFrameworksBuildPhase;
			buildActionMask = 2147483647;
			files = (
				495E0A642ECE5B8400D08640 /* Alamofire in Frameworks */,
			);
			runOnlyForDeploymentPostprocessing = 0;
		};
		AFA212FC2EAE29F30010C9F6 /* Frameworks */ = {
			isa = PBXFrameworksBuildPhase;
			buildActionMask = 2147483647;
			files = (
			);
			runOnlyForDeploymentPostprocessing = 0;
		};
		AFA213062EAE29F30010C9F6 /* Frameworks */ = {
			isa = PBXFrameworksBuildPhase;
			buildActionMask = 2147483647;
			files = (
			);
			runOnlyForDeploymentPostprocessing = 0;
		};
		AFF20D832EB365B100383B2B /* Frameworks */ = {
			isa = PBXFrameworksBuildPhase;
			buildActionMask = 2147483647;
			files = (
				AFF20D8B2EB365B100383B2B /* SwiftUI.framework in Frameworks */,
				AFF20D892EB365B100383B2B /* WidgetKit.framework in Frameworks */,
			);
			runOnlyForDeploymentPostprocessing = 0;
		};
/* End PBXFrameworksBuildPhase section */

/* Begin PBXGroup section */
		AFA212E92EAE29F20010C9F6 = {
			isa = PBXGroup;
			children = (
				AF5B118F2EB4DD7800EBC825 /* ScheduleBSUIRWidgetExtension.entitlements */,
				AF5B117A2EB4B1F700EBC825 /* ScheduleBSUIRWidget */,
				AFF20D872EB365B100383B2B /* Frameworks */,
				AF5B11592EB4B1E900EBC825 /* ScheduleBSUIR */,
				AFF20D862EB365B100383B2B /* ScheduleBSUIRWidgetExtension.appex */,
				498676EB2ED8560500892C4B /* ScheduleCore.framework */,
				49F20D672EE0C9A1005F184A /* ScheduleBSUIR.app */,
			);
			sourceTree = "<group>";
		};
		AFF20D872EB365B100383B2B /* Frameworks */ = {
			isa = PBXGroup;
			children = (
				AFF20D882EB365B100383B2B /* WidgetKit.framework */,
				AFF20D8A2EB365B100383B2B /* SwiftUI.framework */,
			);
			name = Frameworks;
			sourceTree = "<group>";
		};
/* End PBXGroup section */

/* Begin PBXHeadersBuildPhase section */
		49C3C9DA2ED5BAC6009582D8 /* Headers */ = {
			isa = PBXHeadersBuildPhase;
			buildActionMask = 2147483647;
			files = (
			);
			runOnlyForDeploymentPostprocessing = 0;
		};
/* End PBXHeadersBuildPhase section */

/* Begin PBXNativeTarget section */
		49C3C9DE2ED5BAC6009582D8 /* ScheduleCore */ = {
			isa = PBXNativeTarget;
			buildConfigurationList = 49C3C9EA2ED5BAC6009582D8 /* Build configuration list for PBXNativeTarget "ScheduleCore" */;
			buildPhases = (
				49C3C9DA2ED5BAC6009582D8 /* Headers */,
				49C3C9DB2ED5BAC6009582D8 /* Sources */,
				49C3C9DC2ED5BAC6009582D8 /* Frameworks */,
				49C3C9DD2ED5BAC6009582D8 /* Resources */,
			);
			buildRules = (
			);
			dependencies = (
			);
			name = ScheduleCore;
			packageProductDependencies = (
			);
			productName = ScheduleCore;
			productReference = 498676EB2ED8560500892C4B /* ScheduleCore.framework */;
			productType = "com.apple.product-type.framework";
		};
		AFA212F12EAE29F20010C9F6 /* ScheduleBSUIR */ = {
			isa = PBXNativeTarget;
			buildConfigurationList = AFA213132EAE29F30010C9F6 /* Build configuration list for PBXNativeTarget "ScheduleBSUIR" */;
			buildPhases = (
				AFA212EE2EAE29F20010C9F6 /* Sources */,
				AFA212EF2EAE29F20010C9F6 /* Frameworks */,
				AFA212F02EAE29F20010C9F6 /* Resources */,
				AFF20DA02EB365B200383B2B /* Embed Foundation Extensions */,
				AFE9C1D12EC8ACF200387CEE /* Embed Frameworks */,
			);
			buildRules = (
			);
			dependencies = (
				AFF20D992EB365B200383B2B /* PBXTargetDependency */,
				49C3C9E62ED5BAC6009582D8 /* PBXTargetDependency */,
			);
			fileSystemSynchronizedGroups = (
				AF5B11592EB4B1E900EBC825 /* ScheduleBSUIR */,
				AF5B117A2EB4B1F700EBC825 /* ScheduleBSUIRWidget */,
			);
			name = ScheduleBSUIR;
			packageProductDependencies = (
				495E0A632ECE5B8400D08640 /* Alamofire */,
			);
			productName = ScheduleBSUIR;
			productReference = 49F20D672EE0C9A1005F184A /* ScheduleBSUIR.app */;
			productType = "com.apple.product-type.application";
		};
		AFA212FE2EAE29F30010C9F6 /* ScheduleBSUIRTests */ = {
			isa = PBXNativeTarget;
			buildConfigurationList = AFA213162EAE29F30010C9F6 /* Build configuration list for PBXNativeTarget "ScheduleBSUIRTests" */;
			buildPhases = (
				AFA212FB2EAE29F30010C9F6 /* Sources */,
				AFA212FC2EAE29F30010C9F6 /* Frameworks */,
				AFA212FD2EAE29F30010C9F6 /* Resources */,
			);
			buildRules = (
			);
			dependencies = (
				AFA213012EAE29F30010C9F6 /* PBXTargetDependency */,
			);
			name = ScheduleBSUIRTests;
			packageProductDependencies = (
			);
			productName = ScheduleBSUIRTests;
			productReference = 49F20D682EE0C9A1005F184A /* ScheduleBSUIRTests.xctest */;
			productType = "com.apple.product-type.bundle.unit-test";
		};
		AFA213082EAE29F30010C9F6 /* ScheduleBSUIRUITests */ = {
			isa = PBXNativeTarget;
			buildConfigurationList = AFA213192EAE29F30010C9F6 /* Build configuration list for PBXNativeTarget "ScheduleBSUIRUITests" */;
			buildPhases = (
				AFA213052EAE29F30010C9F6 /* Sources */,
				AFA213062EAE29F30010C9F6 /* Frameworks */,
				AFA213072EAE29F30010C9F6 /* Resources */,
			);
			buildRules = (
			);
			dependencies = (
				AFA2130B2EAE29F30010C9F6 /* PBXTargetDependency */,
			);
			name = ScheduleBSUIRUITests;
			packageProductDependencies = (
			);
			productName = ScheduleBSUIRUITests;
			productReference = 49F20D692EE0C9A1005F184A /* ScheduleBSUIRUITests.xctest */;
			productType = "com.apple.product-type.bundle.ui-testing";
		};
		AFF20D852EB365B100383B2B /* ScheduleBSUIRWidgetExtension */ = {
			isa = PBXNativeTarget;
			buildConfigurationList = AFF20D9D2EB365B200383B2B /* Build configuration list for PBXNativeTarget "ScheduleBSUIRWidgetExtension" */;
			buildPhases = (
				AFF20D822EB365B100383B2B /* Sources */,
				AFF20D832EB365B100383B2B /* Frameworks */,
				AFF20D842EB365B100383B2B /* Resources */,
			);
			buildRules = (
			);
			dependencies = (
			);
			name = ScheduleBSUIRWidgetExtension;
			packageProductDependencies = (
			);
			productName = ScheduleBSUIRWidgetExtension;
			productReference = AFF20D862EB365B100383B2B /* ScheduleBSUIRWidgetExtension.appex */;
			productType = "com.apple.product-type.app-extension";
		};
/* End PBXNativeTarget section */

/* Begin PBXProject section */
		AFA212EA2EAE29F20010C9F6 /* Project object */ = {
			isa = PBXProject;
			attributes = {
				BuildIndependentTargetsInParallel = 1;
				LastSwiftUpdateCheck = 2610;
				LastUpgradeCheck = 2610;
				TargetAttributes = {
					49C3C9DE2ED5BAC6009582D8 = {
						CreatedOnToolsVersion = 26.1.1;
					};
					AFA212F12EAE29F20010C9F6 = {
						CreatedOnToolsVersion = 26.0.1;
					};
					AFA212FE2EAE29F30010C9F6 = {
						CreatedOnToolsVersion = 26.0.1;
						TestTargetID = AFA212F12EAE29F20010C9F6;
					};
					AFA213082EAE29F30010C9F6 = {
						CreatedOnToolsVersion = 26.0.1;
						TestTargetID = AFA212F12EAE29F20010C9F6;
					};
					AFF20D852EB365B100383B2B = {
						CreatedOnToolsVersion = 26.0.1;
					};
				};
			};
			buildConfigurationList = AFA212ED2EAE29F20010C9F6 /* Build configuration list for PBXProject "ScheduleBSUIR" */;
			developmentRegion = en;
			hasScannedForEncodings = 0;
			knownRegions = (
				en,
				Base,
			);
			mainGroup = AFA212E92EAE29F20010C9F6;
			minimizedProjectReferenceProxies = 1;
			packageReferences = (
				495E0A622ECE5B8400D08640 /* XCRemoteSwiftPackageReference "Alamofire" */,
			);
			preferredProjectObjectVersion = 77;
			productRefGroup = AFA212E92EAE29F20010C9F6;
			projectDirPath = "";
			projectRoot = "";
			targets = (
				AFA212F12EAE29F20010C9F6 /* ScheduleBSUIR */,
				AFA212FE2EAE29F30010C9F6 /* ScheduleBSUIRTests */,
				AFA213082EAE29F30010C9F6 /* ScheduleBSUIRUITests */,
				AFF20D852EB365B100383B2B /* ScheduleBSUIRWidgetExtension */,
				49C3C9DE2ED5BAC6009582D8 /* ScheduleCore */,
			);
		};
/* End PBXProject section */

/* Begin PBXResourcesBuildPhase section */
		49C3C9DD2ED5BAC6009582D8 /* Resources */ = {
			isa = PBXResourcesBuildPhase;
			buildActionMask = 2147483647;
			files = (
			);
			runOnlyForDeploymentPostprocessing = 0;
		};
		AFA212F02EAE29F20010C9F6 /* Resources */ = {
			isa = PBXResourcesBuildPhase;
			buildActionMask = 2147483647;
			files = (
			);
			runOnlyForDeploymentPostprocessing = 0;
		};
		AFA212FD2EAE29F30010C9F6 /* Resources */ = {
			isa = PBXResourcesBuildPhase;
			buildActionMask = 2147483647;
			files = (
			);
			runOnlyForDeploymentPostprocessing = 0;
		};
		AFA213072EAE29F30010C9F6 /* Resources */ = {
			isa = PBXResourcesBuildPhase;
			buildActionMask = 2147483647;
			files = (
			);
			runOnlyForDeploymentPostprocessing = 0;
		};
		AFF20D842EB365B100383B2B /* Resources */ = {
			isa = PBXResourcesBuildPhase;
			buildActionMask = 2147483647;
			files = (
			);
			runOnlyForDeploymentPostprocessing = 0;
		};
/* End PBXResourcesBuildPhase section */

/* Begin PBXSourcesBuildPhase section */
		49C3C9DB2ED5BAC6009582D8 /* Sources */ = {
			isa = PBXSourcesBuildPhase;
			buildActionMask = 2147483647;
			files = (
			);
			runOnlyForDeploymentPostprocessing = 0;
		};
		AFA212EE2EAE29F20010C9F6 /* Sources */ = {
			isa = PBXSourcesBuildPhase;
			buildActionMask = 2147483647;
			files = (
			);
			runOnlyForDeploymentPostprocessing = 0;
		};
		AFA212FB2EAE29F30010C9F6 /* Sources */ = {
			isa = PBXSourcesBuildPhase;
			buildActionMask = 2147483647;
			files = (
			);
			runOnlyForDeploymentPostprocessing = 0;
		};
		AFA213052EAE29F30010C9F6 /* Sources */ = {
			isa = PBXSourcesBuildPhase;
			buildActionMask = 2147483647;
			files = (
			);
			runOnlyForDeploymentPostprocessing = 0;
		};
		AFF20D822EB365B100383B2B /* Sources */ = {
			isa = PBXSourcesBuildPhase;
			buildActionMask = 2147483647;
			files = (
			);
			runOnlyForDeploymentPostprocessing = 0;
		};
/* End PBXSourcesBuildPhase section */

/* Begin PBXTargetDependency section */
		49C3C9E62ED5BAC6009582D8 /* PBXTargetDependency */ = {
			isa = PBXTargetDependency;
			target = 49C3C9DE2ED5BAC6009582D8 /* ScheduleCore */;
			targetProxy = 49C3C9E52ED5BAC6009582D8 /* PBXContainerItemProxy */;
		};
		AFA213012EAE29F30010C9F6 /* PBXTargetDependency */ = {
			isa = PBXTargetDependency;
			target = AFA212F12EAE29F20010C9F6 /* ScheduleBSUIR */;
			targetProxy = AFA213002EAE29F30010C9F6 /* PBXContainerItemProxy */;
		};
		AFA2130B2EAE29F30010C9F6 /* PBXTargetDependency */ = {
			isa = PBXTargetDependency;
			target = AFA212F12EAE29F20010C9F6 /* ScheduleBSUIR */;
			targetProxy = AFA2130A2EAE29F30010C9F6 /* PBXContainerItemProxy */;
		};
		AFF20D992EB365B200383B2B /* PBXTargetDependency */ = {
			isa = PBXTargetDependency;
			target = AFF20D852EB365B100383B2B /* ScheduleBSUIRWidgetExtension */;
			targetProxy = AFF20D982EB365B200383B2B /* PBXContainerItemProxy */;
		};
/* End PBXTargetDependency section */

/* Begin XCBuildConfiguration section */
		49C3C9EB2ED5BAC6009582D8 /* Debug */ = {
			isa = XCBuildConfiguration;
			buildSettings = {
				BUILD_LIBRARY_FOR_DISTRIBUTION = YES;
				CODE_SIGN_STYLE = Automatic;
				CURRENT_PROJECT_VERSION = 1;
				DEVELOPMENT_TEAM = YP54583LG6;
				DYLIB_COMPATIBILITY_VERSION = 1;
				DYLIB_CURRENT_VERSION = 1;
				DYLIB_INSTALL_NAME_BASE = "@rpath";
				ENABLE_MODULE_VERIFIER = YES;
				GENERATE_INFOPLIST_FILE = YES;
				INFOPLIST_KEY_NSHumanReadableCopyright = "";
				INSTALL_PATH = "$(LOCAL_LIBRARY_DIR)/Frameworks";
				IPHONEOS_DEPLOYMENT_TARGET = 26.1;
				LD_RUNPATH_SEARCH_PATHS = (
					"$(inherited)",
					"@executable_path/Frameworks",
					"@loader_path/Frameworks",
				);
				MARKETING_VERSION = 1.0;
				MODULE_VERIFIER_SUPPORTED_LANGUAGES = "objective-c objective-c++";
				MODULE_VERIFIER_SUPPORTED_LANGUAGE_STANDARDS = "gnu17 gnu++20";
				PRODUCT_BUNDLE_IDENTIFIER = Solo.ScheduleCore;
				PRODUCT_NAME = "$(TARGET_NAME:c99extidentifier)";
				SKIP_INSTALL = YES;
				STRING_CATALOG_GENERATE_SYMBOLS = YES;
				SWIFT_APPROACHABLE_CONCURRENCY = YES;
				SWIFT_EMIT_LOC_STRINGS = YES;
				SWIFT_INSTALL_MODULE = YES;
				SWIFT_INSTALL_OBJC_HEADER = NO;
				SWIFT_UPCOMING_FEATURE_MEMBER_IMPORT_VISIBILITY = YES;
				SWIFT_VERSION = 5.0;
				TARGETED_DEVICE_FAMILY = "1,2";
				VERSIONING_SYSTEM = "apple-generic";
				VERSION_INFO_PREFIX = "";
			};
			name = Debug;
		};
		49C3C9EC2ED5BAC6009582D8 /* Release */ = {
			isa = XCBuildConfiguration;
			buildSettings = {
				BUILD_LIBRARY_FOR_DISTRIBUTION = YES;
				CODE_SIGN_STYLE = Automatic;
				CURRENT_PROJECT_VERSION = 1;
				DEVELOPMENT_TEAM = YP54583LG6;
				DYLIB_COMPATIBILITY_VERSION = 1;
				DYLIB_CURRENT_VERSION = 1;
				DYLIB_INSTALL_NAME_BASE = "@rpath";
				ENABLE_MODULE_VERIFIER = YES;
				GENERATE_INFOPLIST_FILE = YES;
				INFOPLIST_KEY_NSHumanReadableCopyright = "";
				INSTALL_PATH = "$(LOCAL_LIBRARY_DIR)/Frameworks";
				IPHONEOS_DEPLOYMENT_TARGET = 26.1;
				LD_RUNPATH_SEARCH_PATHS = (
					"$(inherited)",
					"@executable_path/Frameworks",
					"@loader_path/Frameworks",
				);
				MARKETING_VERSION = 1.0;
				MODULE_VERIFIER_SUPPORTED_LANGUAGES = "objective-c objective-c++";
				MODULE_VERIFIER_SUPPORTED_LANGUAGE_STANDARDS = "gnu17 gnu++20";
				PRODUCT_BUNDLE_IDENTIFIER = Solo.ScheduleCore;
				PRODUCT_NAME = "$(TARGET_NAME:c99extidentifier)";
				SKIP_INSTALL = YES;
				STRING_CATALOG_GENERATE_SYMBOLS = YES;
				SWIFT_APPROACHABLE_CONCURRENCY = YES;
				SWIFT_EMIT_LOC_STRINGS = YES;
				SWIFT_INSTALL_MODULE = YES;
				SWIFT_INSTALL_OBJC_HEADER = NO;
				SWIFT_UPCOMING_FEATURE_MEMBER_IMPORT_VISIBILITY = YES;
				SWIFT_VERSION = 5.0;
				TARGETED_DEVICE_FAMILY = "1,2";
				VERSIONING_SYSTEM = "apple-generic";
				VERSION_INFO_PREFIX = "";
			};
			name = Release;
		};
		AFA213112EAE29F30010C9F6 /* Debug */ = {
			isa = XCBuildConfiguration;
			buildSettings = {
				ALWAYS_SEARCH_USER_PATHS = NO;
				ASSETCATALOG_COMPILER_GENERATE_SWIFT_ASSET_SYMBOL_EXTENSIONS = YES;
				CLANG_ANALYZER_NONNULL = YES;
				CLANG_ANALYZER_NUMBER_OBJECT_CONVERSION = YES_AGGRESSIVE;
				CLANG_CXX_LANGUAGE_STANDARD = "gnu++20";
				CLANG_ENABLE_MODULES = YES;
				CLANG_ENABLE_OBJC_ARC = YES;
				CLANG_ENABLE_OBJC_WEAK = YES;
				CLANG_WARN_BLOCK_CAPTURE_AUTORELEASING = YES;
				CLANG_WARN_BOOL_CONVERSION = YES;
				CLANG_WARN_COMMA = YES;
				CLANG_WARN_CONSTANT_CONVERSION = YES;
				CLANG_WARN_DEPRECATED_OBJC_IMPLEMENTATIONS = YES;
				CLANG_WARN_DIRECT_OBJC_ISA_USAGE = YES_ERROR;
				CLANG_WARN_DOCUMENTATION_COMMENTS = YES;
				CLANG_WARN_EMPTY_BODY = YES;
				CLANG_WARN_ENUM_CONVERSION = YES;
				CLANG_WARN_INFINITE_RECURSION = YES;
				CLANG_WARN_INT_CONVERSION = YES;
				CLANG_WARN_NON_LITERAL_NULL_CONVERSION = YES;
				CLANG_WARN_OBJC_IMPLICIT_RETAIN_SELF = YES;
				CLANG_WARN_OBJC_LITERAL_CONVERSION = YES;
				CLANG_WARN_OBJC_ROOT_CLASS = YES_ERROR;
				CLANG_WARN_QUOTED_INCLUDE_IN_FRAMEWORK_HEADER = YES;
				CLANG_WARN_RANGE_LOOP_ANALYSIS = YES;
				CLANG_WARN_STRICT_PROTOTYPES = YES;
				CLANG_WARN_SUSPICIOUS_MOVE = YES;
				CLANG_WARN_UNGUARDED_AVAILABILITY = YES_AGGRESSIVE;
				CLANG_WARN_UNREACHABLE_CODE = YES;
				CLANG_WARN__DUPLICATE_METHOD_MATCH = YES;
				COPY_PHASE_STRIP = NO;
				DEBUG_INFORMATION_FORMAT = dwarf;
				DEVELOPMENT_TEAM = YP54583LG6;
				ENABLE_STRICT_OBJC_MSGSEND = YES;
				ENABLE_TESTABILITY = YES;
				ENABLE_USER_SCRIPT_SANDBOXING = YES;
				GCC_C_LANGUAGE_STANDARD = gnu17;
				GCC_DYNAMIC_NO_PIC = NO;
				GCC_NO_COMMON_BLOCKS = YES;
				GCC_OPTIMIZATION_LEVEL = 0;
				GCC_PREPROCESSOR_DEFINITIONS = (
					"DEBUG=1",
					"$(inherited)",
				);
				GCC_WARN_64_TO_32_BIT_CONVERSION = YES;
				GCC_WARN_ABOUT_RETURN_TYPE = YES_ERROR;
				GCC_WARN_UNDECLARED_SELECTOR = YES;
				GCC_WARN_UNINITIALIZED_AUTOS = YES_AGGRESSIVE;
				GCC_WARN_UNUSED_FUNCTION = YES;
				GCC_WARN_UNUSED_VARIABLE = YES;
				IPHONEOS_DEPLOYMENT_TARGET = 26.0;
				LOCALIZATION_PREFERS_STRING_CATALOGS = YES;
				MTL_ENABLE_DEBUG_INFO = INCLUDE_SOURCE;
				MTL_FAST_MATH = YES;
				ONLY_ACTIVE_ARCH = YES;
				SDKROOT = iphoneos;
				STRING_CATALOG_GENERATE_SYMBOLS = YES;
				SWIFT_ACTIVE_COMPILATION_CONDITIONS = "DEBUG $(inherited)";
				SWIFT_OPTIMIZATION_LEVEL = "-Onone";
			};
			name = Debug;
		};
		AFA213122EAE29F30010C9F6 /* Release */ = {
			isa = XCBuildConfiguration;
			buildSettings = {
				ALWAYS_SEARCH_USER_PATHS = NO;
				ASSETCATALOG_COMPILER_GENERATE_SWIFT_ASSET_SYMBOL_EXTENSIONS = YES;
				CLANG_ANALYZER_NONNULL = YES;
				CLANG_ANALYZER_NUMBER_OBJECT_CONVERSION = YES_AGGRESSIVE;
				CLANG_CXX_LANGUAGE_STANDARD = "gnu++20";
				CLANG_ENABLE_MODULES = YES;
				CLANG_ENABLE_OBJC_ARC = YES;
				CLANG_ENABLE_OBJC_WEAK = YES;
				CLANG_WARN_BLOCK_CAPTURE_AUTORELEASING = YES;
				CLANG_WARN_BOOL_CONVERSION = YES;
				CLANG_WARN_COMMA = YES;
				CLANG_WARN_CONSTANT_CONVERSION = YES;
				CLANG_WARN_DEPRECATED_OBJC_IMPLEMENTATIONS = YES;
				CLANG_WARN_DIRECT_OBJC_ISA_USAGE = YES_ERROR;
				CLANG_WARN_DOCUMENTATION_COMMENTS = YES;
				CLANG_WARN_EMPTY_BODY = YES;
				CLANG_WARN_ENUM_CONVERSION = YES;
				CLANG_WARN_INFINITE_RECURSION = YES;
				CLANG_WARN_INT_CONVERSION = YES;
				CLANG_WARN_NON_LITERAL_NULL_CONVERSION = YES;
				CLANG_WARN_OBJC_IMPLICIT_RETAIN_SELF = YES;
				CLANG_WARN_OBJC_LITERAL_CONVERSION = YES;
				CLANG_WARN_OBJC_ROOT_CLASS = YES_ERROR;
				CLANG_WARN_QUOTED_INCLUDE_IN_FRAMEWORK_HEADER = YES;
				CLANG_WARN_RANGE_LOOP_ANALYSIS = YES;
				CLANG_WARN_STRICT_PROTOTYPES = YES;
				CLANG_WARN_SUSPICIOUS_MOVE = YES;
				CLANG_WARN_UNGUARDED_AVAILABILITY = YES_AGGRESSIVE;
				CLANG_WARN_UNREACHABLE_CODE = YES;
				CLANG_WARN__DUPLICATE_METHOD_MATCH = YES;
				COPY_PHASE_STRIP = NO;
				DEBUG_INFORMATION_FORMAT = "dwarf-with-dsym";
				DEVELOPMENT_TEAM = YP54583LG6;
				ENABLE_NS_ASSERTIONS = NO;
				ENABLE_STRICT_OBJC_MSGSEND = YES;
				ENABLE_USER_SCRIPT_SANDBOXING = YES;
				GCC_C_LANGUAGE_STANDARD = gnu17;
				GCC_NO_COMMON_BLOCKS = YES;
				GCC_WARN_64_TO_32_BIT_CONVERSION = YES;
				GCC_WARN_ABOUT_RETURN_TYPE = YES_ERROR;
				GCC_WARN_UNDECLARED_SELECTOR = YES;
				GCC_WARN_UNINITIALIZED_AUTOS = YES_AGGRESSIVE;
				GCC_WARN_UNUSED_FUNCTION = YES;
				GCC_WARN_UNUSED_VARIABLE = YES;
				IPHONEOS_DEPLOYMENT_TARGET = 26.0;
				LOCALIZATION_PREFERS_STRING_CATALOGS = YES;
				MTL_ENABLE_DEBUG_INFO = NO;
				MTL_FAST_MATH = YES;
				SDKROOT = iphoneos;
				STRING_CATALOG_GENERATE_SYMBOLS = YES;
				SWIFT_COMPILATION_MODE = wholemodule;
				VALIDATE_PRODUCT = YES;
			};
			name = Release;
		};
		AFA213142EAE29F30010C9F6 /* Debug */ = {
			isa = XCBuildConfiguration;
			buildSettings = {
				ASSETCATALOG_COMPILER_APPICON_NAME = AppIcon;
				ASSETCATALOG_COMPILER_GLOBAL_ACCENT_COLOR_NAME = AccentColor;
				ASSETCATALOG_COMPILER_INCLUDE_ALL_APPICON_ASSETS = NO;
				CODE_SIGN_ENTITLEMENTS = ScheduleBSUIR/ScheduleBSUIR.entitlements;
				CODE_SIGN_STYLE = Automatic;
				CURRENT_PROJECT_VERSION = 1;
				DEVELOPMENT_TEAM = YP54583LG6;
				ENABLE_PREVIEWS = YES;
				GENERATE_INFOPLIST_FILE = YES;
				INFOPLIST_FILE = ScheduleBSUIR/Info.plist;
				INFOPLIST_KEY_UIApplicationSceneManifest_Generation = YES;
				INFOPLIST_KEY_UIApplicationSupportsIndirectInputEvents = YES;
				INFOPLIST_KEY_UILaunchScreen_Generation = YES;
				INFOPLIST_KEY_UILaunchStoryboardName = "";
				INFOPLIST_KEY_UIStatusBarStyle = "";
				INFOPLIST_KEY_UISupportedInterfaceOrientations_iPad = "UIInterfaceOrientationPortrait UIInterfaceOrientationPortraitUpsideDown UIInterfaceOrientationLandscapeLeft UIInterfaceOrientationLandscapeRight";
				INFOPLIST_KEY_UISupportedInterfaceOrientations_iPhone = "UIInterfaceOrientationPortrait UIInterfaceOrientationLandscapeLeft UIInterfaceOrientationLandscapeRight";
				IPHONEOS_DEPLOYMENT_TARGET = 26.1;
				LD_RUNPATH_SEARCH_PATHS = (
					"$(inherited)",
					"@executable_path/Frameworks",
				);
				MARKETING_VERSION = 1.0;
				PRODUCT_BUNDLE_IDENTIFIER = Solo.ScheduleBSUIR;
				PRODUCT_NAME = "$(TARGET_NAME)";
				STRING_CATALOG_GENERATE_SYMBOLS = YES;
				SWIFT_APPROACHABLE_CONCURRENCY = YES;
				SWIFT_DEFAULT_ACTOR_ISOLATION = MainActor;
				SWIFT_EMIT_LOC_STRINGS = YES;
				SWIFT_UPCOMING_FEATURE_MEMBER_IMPORT_VISIBILITY = YES;
				SWIFT_VERSION = 5.0;
				TARGETED_DEVICE_FAMILY = "1,2";
			};
			name = Debug;
		};
		AFA213152EAE29F30010C9F6 /* Release */ = {
			isa = XCBuildConfiguration;
			buildSettings = {
				ASSETCATALOG_COMPILER_APPICON_NAME = AppIcon;
				ASSETCATALOG_COMPILER_GLOBAL_ACCENT_COLOR_NAME = AccentColor;
				ASSETCATALOG_COMPILER_INCLUDE_ALL_APPICON_ASSETS = NO;
				CODE_SIGN_ENTITLEMENTS = ScheduleBSUIR/ScheduleBSUIR.entitlements;
				CODE_SIGN_STYLE = Automatic;
				CURRENT_PROJECT_VERSION = 1;
				DEVELOPMENT_TEAM = YP54583LG6;
				ENABLE_PREVIEWS = YES;
				GENERATE_INFOPLIST_FILE = YES;
				INFOPLIST_FILE = ScheduleBSUIR/Info.plist;
				INFOPLIST_KEY_UIApplicationSceneManifest_Generation = YES;
				INFOPLIST_KEY_UIApplicationSupportsIndirectInputEvents = YES;
				INFOPLIST_KEY_UILaunchScreen_Generation = YES;
				INFOPLIST_KEY_UILaunchStoryboardName = "";
				INFOPLIST_KEY_UIStatusBarStyle = "";
				INFOPLIST_KEY_UISupportedInterfaceOrientations_iPad = "UIInterfaceOrientationPortrait UIInterfaceOrientationPortraitUpsideDown UIInterfaceOrientationLandscapeLeft UIInterfaceOrientationLandscapeRight";
				INFOPLIST_KEY_UISupportedInterfaceOrientations_iPhone = "UIInterfaceOrientationPortrait UIInterfaceOrientationLandscapeLeft UIInterfaceOrientationLandscapeRight";
				IPHONEOS_DEPLOYMENT_TARGET = 26.1;
				LD_RUNPATH_SEARCH_PATHS = (
					"$(inherited)",
					"@executable_path/Frameworks",
				);
				MARKETING_VERSION = 1.0;
				PRODUCT_BUNDLE_IDENTIFIER = Solo.ScheduleBSUIR;
				PRODUCT_NAME = "$(TARGET_NAME)";
				STRING_CATALOG_GENERATE_SYMBOLS = YES;
				SWIFT_APPROACHABLE_CONCURRENCY = YES;
				SWIFT_DEFAULT_ACTOR_ISOLATION = MainActor;
				SWIFT_EMIT_LOC_STRINGS = YES;
				SWIFT_UPCOMING_FEATURE_MEMBER_IMPORT_VISIBILITY = YES;
				SWIFT_VERSION = 5.0;
				TARGETED_DEVICE_FAMILY = "1,2";
			};
			name = Release;
		};
		AFA213172EAE29F30010C9F6 /* Debug */ = {
			isa = XCBuildConfiguration;
			buildSettings = {
				BUNDLE_LOADER = "$(TEST_HOST)";
				CODE_SIGN_STYLE = Automatic;
				CURRENT_PROJECT_VERSION = 1;
				DEVELOPMENT_TEAM = YP54583LG6;
				GENERATE_INFOPLIST_FILE = YES;
				IPHONEOS_DEPLOYMENT_TARGET = 26.0;
				MARKETING_VERSION = 1.0;
				PRODUCT_BUNDLE_IDENTIFIER = Solo.ScheduleBSUIRTests;
				PRODUCT_NAME = "$(TARGET_NAME)";
				STRING_CATALOG_GENERATE_SYMBOLS = NO;
				SWIFT_APPROACHABLE_CONCURRENCY = YES;
				SWIFT_EMIT_LOC_STRINGS = NO;
				SWIFT_UPCOMING_FEATURE_MEMBER_IMPORT_VISIBILITY = YES;
				SWIFT_VERSION = 5.0;
				TARGETED_DEVICE_FAMILY = "1,2";
				TEST_HOST = "$(BUILT_PRODUCTS_DIR)/ScheduleBSUIR.app/$(BUNDLE_EXECUTABLE_FOLDER_PATH)/ScheduleBSUIR";
			};
			name = Debug;
		};
		AFA213182EAE29F30010C9F6 /* Release */ = {
			isa = XCBuildConfiguration;
			buildSettings = {
				BUNDLE_LOADER = "$(TEST_HOST)";
				CODE_SIGN_STYLE = Automatic;
				CURRENT_PROJECT_VERSION = 1;
				DEVELOPMENT_TEAM = YP54583LG6;
				GENERATE_INFOPLIST_FILE = YES;
				IPHONEOS_DEPLOYMENT_TARGET = 26.0;
				MARKETING_VERSION = 1.0;
				PRODUCT_BUNDLE_IDENTIFIER = Solo.ScheduleBSUIRTests;
				PRODUCT_NAME = "$(TARGET_NAME)";
				STRING_CATALOG_GENERATE_SYMBOLS = NO;
				SWIFT_APPROACHABLE_CONCURRENCY = YES;
				SWIFT_EMIT_LOC_STRINGS = NO;
				SWIFT_UPCOMING_FEATURE_MEMBER_IMPORT_VISIBILITY = YES;
				SWIFT_VERSION = 5.0;
				TARGETED_DEVICE_FAMILY = "1,2";
				TEST_HOST = "$(BUILT_PRODUCTS_DIR)/ScheduleBSUIR.app/$(BUNDLE_EXECUTABLE_FOLDER_PATH)/ScheduleBSUIR";
			};
			name = Release;
		};
		AFA2131A2EAE29F30010C9F6 /* Debug */ = {
			isa = XCBuildConfiguration;
			buildSettings = {
				CODE_SIGN_STYLE = Automatic;
				CURRENT_PROJECT_VERSION = 1;
				DEVELOPMENT_TEAM = YP54583LG6;
				GENERATE_INFOPLIST_FILE = YES;
				MARKETING_VERSION = 1.0;
				PRODUCT_BUNDLE_IDENTIFIER = Solo.ScheduleBSUIRUITests;
				PRODUCT_NAME = "$(TARGET_NAME)";
				STRING_CATALOG_GENERATE_SYMBOLS = NO;
				SWIFT_APPROACHABLE_CONCURRENCY = YES;
				SWIFT_EMIT_LOC_STRINGS = NO;
				SWIFT_UPCOMING_FEATURE_MEMBER_IMPORT_VISIBILITY = YES;
				SWIFT_VERSION = 5.0;
				TARGETED_DEVICE_FAMILY = "1,2";
				TEST_TARGET_NAME = ScheduleBSUIR;
			};
			name = Debug;
		};
		AFA2131B2EAE29F30010C9F6 /* Release */ = {
			isa = XCBuildConfiguration;
			buildSettings = {
				CODE_SIGN_STYLE = Automatic;
				CURRENT_PROJECT_VERSION = 1;
				DEVELOPMENT_TEAM = YP54583LG6;
				GENERATE_INFOPLIST_FILE = YES;
				MARKETING_VERSION = 1.0;
				PRODUCT_BUNDLE_IDENTIFIER = Solo.ScheduleBSUIRUITests;
				PRODUCT_NAME = "$(TARGET_NAME)";
				STRING_CATALOG_GENERATE_SYMBOLS = NO;
				SWIFT_APPROACHABLE_CONCURRENCY = YES;
				SWIFT_EMIT_LOC_STRINGS = NO;
				SWIFT_UPCOMING_FEATURE_MEMBER_IMPORT_VISIBILITY = YES;
				SWIFT_VERSION = 5.0;
				TARGETED_DEVICE_FAMILY = "1,2";
				TEST_TARGET_NAME = ScheduleBSUIR;
			};
			name = Release;
		};
		AFF20D9E2EB365B200383B2B /* Debug */ = {
			isa = XCBuildConfiguration;
			buildSettings = {
				ASSETCATALOG_COMPILER_GLOBAL_ACCENT_COLOR_NAME = AccentColor;
				ASSETCATALOG_COMPILER_WIDGET_BACKGROUND_COLOR_NAME = WidgetBackground;
				CODE_SIGN_ENTITLEMENTS = ScheduleBSUIRWidgetExtension.entitlements;
				CODE_SIGN_STYLE = Automatic;
				CURRENT_PROJECT_VERSION = 1;
				DEVELOPMENT_TEAM = YP54583LG6;
				GENERATE_INFOPLIST_FILE = YES;
				INFOPLIST_FILE = ScheduleBSUIRWidget/Info.plist;
				INFOPLIST_KEY_CFBundleDisplayName = ScheduleBSUIRWidget;
				INFOPLIST_KEY_NSHumanReadableCopyright = "";
				LD_RUNPATH_SEARCH_PATHS = (
					"$(inherited)",
					"@executable_path/Frameworks",
					"@executable_path/../../Frameworks",
				);
				MARKETING_VERSION = 1.0;
				PRODUCT_BUNDLE_IDENTIFIER = Solo.ScheduleBSUIR.ScheduleBSUIRWidget;
				PRODUCT_NAME = "$(TARGET_NAME)";
				SKIP_INSTALL = YES;
				STRING_CATALOG_GENERATE_SYMBOLS = YES;
				SWIFT_APPROACHABLE_CONCURRENCY = YES;
				SWIFT_EMIT_LOC_STRINGS = YES;
				SWIFT_UPCOMING_FEATURE_MEMBER_IMPORT_VISIBILITY = YES;
				SWIFT_VERSION = 5.0;
				TARGETED_DEVICE_FAMILY = "1,2";
			};
			name = Debug;
		};
		AFF20D9F2EB365B200383B2B /* Release */ = {
			isa = XCBuildConfiguration;
			buildSettings = {
				ASSETCATALOG_COMPILER_GLOBAL_ACCENT_COLOR_NAME = AccentColor;
				ASSETCATALOG_COMPILER_WIDGET_BACKGROUND_COLOR_NAME = WidgetBackground;
				CODE_SIGN_ENTITLEMENTS = ScheduleBSUIRWidgetExtension.entitlements;
				CODE_SIGN_STYLE = Automatic;
				CURRENT_PROJECT_VERSION = 1;
				DEVELOPMENT_TEAM = YP54583LG6;
				GENERATE_INFOPLIST_FILE = YES;
				INFOPLIST_FILE = ScheduleBSUIRWidget/Info.plist;
				INFOPLIST_KEY_CFBundleDisplayName = ScheduleBSUIRWidget;
				INFOPLIST_KEY_NSHumanReadableCopyright = "";
				LD_RUNPATH_SEARCH_PATHS = (
					"$(inherited)",
					"@executable_path/Frameworks",
					"@executable_path/../../Frameworks",
				);
				MARKETING_VERSION = 1.0;
				PRODUCT_BUNDLE_IDENTIFIER = Solo.ScheduleBSUIR.ScheduleBSUIRWidget;
				PRODUCT_NAME = "$(TARGET_NAME)";
				SKIP_INSTALL = YES;
				STRING_CATALOG_GENERATE_SYMBOLS = YES;
				SWIFT_APPROACHABLE_CONCURRENCY = YES;
				SWIFT_EMIT_LOC_STRINGS = YES;
				SWIFT_UPCOMING_FEATURE_MEMBER_IMPORT_VISIBILITY = YES;
				SWIFT_VERSION = 5.0;
				TARGETED_DEVICE_FAMILY = "1,2";
			};
			name = Release;
		};
/* End XCBuildConfiguration section */

/* Begin XCConfigurationList section */
		49C3C9EA2ED5BAC6009582D8 /* Build configuration list for PBXNativeTarget "ScheduleCore" */ = {
			isa = XCConfigurationList;
			buildConfigurations = (
				49C3C9EB2ED5BAC6009582D8 /* Debug */,
				49C3C9EC2ED5BAC6009582D8 /* Release */,
			);
			defaultConfigurationIsVisible = 0;
			defaultConfigurationName = Release;
		};
		AFA212ED2EAE29F20010C9F6 /* Build configuration list for PBXProject "ScheduleBSUIR" */ = {
			isa = XCConfigurationList;
			buildConfigurations = (
				AFA213112EAE29F30010C9F6 /* Debug */,
				AFA213122EAE29F30010C9F6 /* Release */,
			);
			defaultConfigurationIsVisible = 0;
			defaultConfigurationName = Release;
		};
		AFA213132EAE29F30010C9F6 /* Build configuration list for PBXNativeTarget "ScheduleBSUIR" */ = {
			isa = XCConfigurationList;
			buildConfigurations = (
				AFA213142EAE29F30010C9F6 /* Debug */,
				AFA213152EAE29F30010C9F6 /* Release */,
			);
			defaultConfigurationIsVisible = 0;
			defaultConfigurationName = Release;
		};
		AFA213162EAE29F30010C9F6 /* Build configuration list for PBXNativeTarget "ScheduleBSUIRTests" */ = {
			isa = XCConfigurationList;
			buildConfigurations = (
				AFA213172EAE29F30010C9F6 /* Debug */,
				AFA213182EAE29F30010C9F6 /* Release */,
			);
			defaultConfigurationIsVisible = 0;
			defaultConfigurationName = Release;
		};
		AFA213192EAE29F30010C9F6 /* Build configuration list for PBXNativeTarget "ScheduleBSUIRUITests" */ = {
			isa = XCConfigurationList;
			buildConfigurations = (
				AFA2131A2EAE29F30010C9F6 /* Debug */,
				AFA2131B2EAE29F30010C9F6 /* Release */,
			);
			defaultConfigurationIsVisible = 0;
			defaultConfigurationName = Release;
		};
		AFF20D9D2EB365B200383B2B /* Build configuration list for PBXNativeTarget "ScheduleBSUIRWidgetExtension" */ = {
			isa = XCConfigurationList;
			buildConfigurations = (
				AFF20D9E2EB365B200383B2B /* Debug */,
				AFF20D9F2EB365B200383B2B /* Release */,
			);
			defaultConfigurationIsVisible = 0;
			defaultConfigurationName = Release;
		};
/* End XCConfigurationList section */

/* Begin XCRemoteSwiftPackageReference section */
		495E0A622ECE5B8400D08640 /* XCRemoteSwiftPackageReference "Alamofire" */ = {
			isa = XCRemoteSwiftPackageReference;
			repositoryURL = "https://github.com/Alamofire/Alamofire";
			requirement = {
				kind = upToNextMajorVersion;
				minimumVersion = 5.10.2;
			};
		};
/* End XCRemoteSwiftPackageReference section */

/* Begin XCSwiftPackageProductDependency section */
		495E0A632ECE5B8400D08640 /* Alamofire */ = {
			isa = XCSwiftPackageProductDependency;
			package = 495E0A622ECE5B8400D08640 /* XCRemoteSwiftPackageReference "Alamofire" */;
			productName = Alamofire;
		};
/* End XCSwiftPackageProductDependency section */
	};
	rootObject = AFA212EA2EAE29F20010C9F6 /* Project object */;
}
